
Microsoft Visual Studio Solution File, Format Version 12.00
# Visual Studio Version 16
VisualStudioVersion = 16.0.30330.147
MinimumVisualStudioVersion = 10.0.40219.1
Project("{FAE04EC0-301F-11D3-BF4B-00C04F79EFBC}") = "ContactAddress", "ContactAddress\ContactAddress.csproj", "{4AAD8DB3-7B22-4154-BC2B-67F2A5933333}"
EndProject
Project("{FAE04EC0-301F-11D3-BF4B-00C04F79EFBC}") = "ContactAddress.API.Tests", "ContactAddress.API.Tests\ContactAddress.API.Tests.csproj", "{4C1650C0-7D08-4FF7-A200-8221255542C0}"
EndProject
Global
	GlobalSection(SolutionConfigurationPlatforms) = preSolution
		Debug|Any CPU = Debug|Any CPU
		Release|Any CPU = Release|Any CPU
	EndGlobalSection
	GlobalSection(ProjectConfigurationPlatforms) = postSolution
		{4AAD8DB3-7B22-4154-BC2B-67F2A5933333}.Debug|Any CPU.ActiveCfg = Debug|Any CPU
		{4AAD8DB3-7B22-4154-BC2B-67F2A5933333}.Debug|Any CPU.Build.0 = Debug|Any CPU
		{4AAD8DB3-7B22-4154-BC2B-67F2A5933333}.Release|Any CPU.ActiveCfg = Release|Any CPU
		{4AAD8DB3-7B22-4154-BC2B-67F2A5933333}.Release|Any CPU.Build.0 = Release|Any CPU
		{4C1650C0-7D08-4FF7-A200-8221255542C0}.Debug|Any CPU.ActiveCfg = Debug|Any CPU
		{4C1650C0-7D08-4FF7-A200-8221255542C0}.Debug|Any CPU.Build.0 = Debug|Any CPU
		{4C1650C0-7D08-4FF7-A200-8221255542C0}.Release|Any CPU.ActiveCfg = Release|Any CPU
		{4C1650C0-7D08-4FF7-A200-8221255542C0}.Release|Any CPU.Build.0 = Release|Any CPU
	EndGlobalSection
	GlobalSection(SolutionProperties) = preSolution
		HideSolutionNode = FALSE
	EndGlobalSection
	GlobalSection(ExtensibilityGlobals) = postSolution
		SolutionGuid = {C0BE7A6A-63D1-43F1-AAAF-6B6020CDC13C}
	EndGlobalSection
EndGlobal
